
Microsoft Visual Studio Solution File, Format Version 12.00
# Visual Studio 2013
VisualStudioVersion = 12.0.31101.0
MinimumVisualStudioVersion = 10.0.40219.1
Project("{FAE04EC0-301F-11D3-BF4B-00C04F79EFBC}") = "GWHolidayBookingWeb", "GWHolidayBookingWeb\GWHolidayBookingWeb.csproj", "{AA7AF612-7AA0-42A5-B7EC-0ED3F09B456E}"
EndProject
Project("{2150E333-8FDC-42A3-9474-1A3956D46DE8}") = "Solution Items", "Solution Items", "{A24ED0F0-292D-4A54-BEEE-6DE67E9D842D}"
	ProjectSection(SolutionItems) = preProject
		WebEssentials-Settings.json = WebEssentials-Settings.json
	EndProjectSection
EndProject
Global
	GlobalSection(SolutionConfigurationPlatforms) = preSolution
		Debug|Any CPU = Debug|Any CPU
		Release|Any CPU = Release|Any CPU
	EndGlobalSection
	GlobalSection(ProjectConfigurationPlatforms) = postSolution
		{AA7AF612-7AA0-42A5-B7EC-0ED3F09B456E}.Debug|Any CPU.ActiveCfg = Debug|Any CPU
		{AA7AF612-7AA0-42A5-B7EC-0ED3F09B456E}.Debug|Any CPU.Build.0 = Debug|Any CPU
		{AA7AF612-7AA0-42A5-B7EC-0ED3F09B456E}.Release|Any CPU.ActiveCfg = Release|Any CPU
		{AA7AF612-7AA0-42A5-B7EC-0ED3F09B456E}.Release|Any CPU.Build.0 = Release|Any CPU
	EndGlobalSection
	GlobalSection(SolutionProperties) = preSolution
		HideSolutionNode = FALSE
	EndGlobalSection
EndGlobal
